
Microsoft Visual Studio Solution File, Format Version 12.00
# Visual Studio Version 16
VisualStudioVersion = 16.0.30503.244
MinimumVisualStudioVersion = 10.0.40219.1
Project("{FAE04EC0-301F-11D3-BF4B-00C04F79EFBC}") = "VideoForU", "VideoForU\VideoForU.csproj", "{7A455A99-04D5-4387-BCAB-75ACDC20B11F}"
EndProject
Global
	GlobalSection(SolutionConfigurationPlatforms) = preSolution
		Debug|Any CPU = Debug|Any CPU
		Release|Any CPU = Release|Any CPU
	EndGlobalSection
	GlobalSection(ProjectConfigurationPlatforms) = postSolution
		{7A455A99-04D5-4387-BCAB-75ACDC20B11F}.Debug|Any CPU.ActiveCfg = Debug|Any CPU
		{7A455A99-04D5-4387-BCAB-75ACDC20B11F}.Debug|Any CPU.Build.0 = Debug|Any CPU
		{7A455A99-04D5-4387-BCAB-75ACDC20B11F}.Release|Any CPU.ActiveCfg = Release|Any CPU
		{7A455A99-04D5-4387-BCAB-75ACDC20B11F}.Release|Any CPU.Build.0 = Release|Any CPU
	EndGlobalSection
	GlobalSection(SolutionProperties) = preSolution
		HideSolutionNode = FALSE
	EndGlobalSection
	GlobalSection(ExtensibilityGlobals) = postSolution
		SolutionGuid = {0D5C287D-7CF3-4EBC-A1DB-C18E741A1530}
	EndGlobalSection
EndGlobal
